
Microsoft Visual Studio Solution File, Format Version 12.00
# Visual Studio Version 17
VisualStudioVersion = 17.1.32228.430
MinimumVisualStudioVersion = 10.0.40219.1
Project("{FAE04EC0-301F-11D3-BF4B-00C04F79EFBC}") = "unit-testing-00", "unit-testing-00\unit-testing-00.csproj", "{8CF0F0BB-A79F-4704-A3AA-65C7E58B3F30}"
EndProject
Project("{FAE04EC0-301F-11D3-BF4B-00C04F79EFBC}") = "unit-test-00-MsTest", "unit-test-00-MsTest\unit-test-00-MsTest.csproj", "{784823ED-0FEC-4E0B-9A4C-C6103812519D}"
EndProject
Project("{FAE04EC0-301F-11D3-BF4B-00C04F79EFBC}") = "unit-test-00-NUnit", "unit-test-00-NUnit\unit-test-00-NUnit.csproj", "{69BF348B-D0B0-48BB-8572-75A9FED7E76E}"
EndProject
Project("{FAE04EC0-301F-11D3-BF4B-00C04F79EFBC}") = "unit-test-00-XUnit", "unit-test-00-XUnit\unit-test-00-XUnit.csproj", "{B1603742-C818-4540-8346-34B360CB0F1A}"
EndProject
Project("{2150E333-8FDC-42A3-9474-1A3956D46DE8}") = "intro", "intro", "{44C2D0EC-646C-4197-AB74-7786FE99EB36}"
EndProject
Project("{2150E333-8FDC-42A3-9474-1A3956D46DE8}") = "bongo", "bongo", "{2944979B-8A9C-45D7-8CF8-BFA4B426C046}"
EndProject
Project("{9A19103F-16F7-4668-BE54-9A1E7A4F7556}") = "Bongo.Core", "bongo\Bongo.Core\Bongo.Core.csproj", "{2FD52379-DDA9-4C7E-8D33-28D24986D004}"
EndProject
Project("{9A19103F-16F7-4668-BE54-9A1E7A4F7556}") = "Bongo.DataAccess", "bongo\Bongo.DataAccess\Bongo.DataAccess.csproj", "{E9F42A10-1B33-4B1D-A7FA-8924B3C2A86C}"
EndProject
Project("{9A19103F-16F7-4668-BE54-9A1E7A4F7556}") = "Bongo.Models", "bongo\Bongo.Models\Bongo.Models.csproj", "{D2CA067F-5BA2-4881-B071-7FE4AD312A7A}"
EndProject
Project("{9A19103F-16F7-4668-BE54-9A1E7A4F7556}") = "Bongo.Web", "bongo\Bongo.Web\Bongo.Web.csproj", "{2FCB4DD3-550E-400C-98AD-05991CC8F234}"
EndProject
Project("{2150E333-8FDC-42A3-9474-1A3956D46DE8}") = "services", "services", "{A65169BD-9567-4C82-B097-C99B87F49195}"
EndProject
Project("{2150E333-8FDC-42A3-9474-1A3956D46DE8}") = "tests", "tests", "{0368ACEB-A284-40E1-BAFE-E5B235F24909}"
EndProject
Project("{FAE04EC0-301F-11D3-BF4B-00C04F79EFBC}") = "Bongo.Models.Tests", "bongo\Bongo.Models.Tests\Bongo.Models.Tests.csproj", "{27FC10C4-163C-43F7-B8DB-D863E6889731}"
EndProject
Project("{FAE04EC0-301F-11D3-BF4B-00C04F79EFBC}") = "Bongo.DataAccess.Tests", "Bongo.DataAccess.Tests\Bongo.DataAccess.Tests.csproj", "{0A495056-0B66-45A2-A878-0BA8C7A99CE9}"
EndProject
Project("{FAE04EC0-301F-11D3-BF4B-00C04F79EFBC}") = "Bongo.Core.Tests", "bongo\Bongo.Core.Tests\Bongo.Core.Tests.csproj", "{6E0C02FD-1012-4963-9E5E-C0C9C5E6D82B}"
EndProject
Global
	GlobalSection(SolutionConfigurationPlatforms) = preSolution
		Debug|Any CPU = Debug|Any CPU
		Release|Any CPU = Release|Any CPU
	EndGlobalSection
	GlobalSection(ProjectConfigurationPlatforms) = postSolution
		{8CF0F0BB-A79F-4704-A3AA-65C7E58B3F30}.Debug|Any CPU.ActiveCfg = Debug|Any CPU
		{8CF0F0BB-A79F-4704-A3AA-65C7E58B3F30}.Debug|Any CPU.Build.0 = Debug|Any CPU
		{8CF0F0BB-A79F-4704-A3AA-65C7E58B3F30}.Release|Any CPU.ActiveCfg = Release|Any CPU
		{8CF0F0BB-A79F-4704-A3AA-65C7E58B3F30}.Release|Any CPU.Build.0 = Release|Any CPU
		{784823ED-0FEC-4E0B-9A4C-C6103812519D}.Debug|Any CPU.ActiveCfg = Debug|Any CPU
		{784823ED-0FEC-4E0B-9A4C-C6103812519D}.Debug|Any CPU.Build.0 = Debug|Any CPU
		{784823ED-0FEC-4E0B-9A4C-C6103812519D}.Release|Any CPU.ActiveCfg = Release|Any CPU
		{784823ED-0FEC-4E0B-9A4C-C6103812519D}.Release|Any CPU.Build.0 = Release|Any CPU
		{69BF348B-D0B0-48BB-8572-75A9FED7E76E}.Debug|Any CPU.ActiveCfg = Debug|Any CPU
		{69BF348B-D0B0-48BB-8572-75A9FED7E76E}.Debug|Any CPU.Build.0 = Debug|Any CPU
		{69BF348B-D0B0-48BB-8572-75A9FED7E76E}.Release|Any CPU.ActiveCfg = Release|Any CPU
		{69BF348B-D0B0-48BB-8572-75A9FED7E76E}.Release|Any CPU.Build.0 = Release|Any CPU
		{B1603742-C818-4540-8346-34B360CB0F1A}.Debug|Any CPU.ActiveCfg = Debug|Any CPU
		{B1603742-C818-4540-8346-34B360CB0F1A}.Debug|Any CPU.Build.0 = Debug|Any CPU
		{B1603742-C818-4540-8346-34B360CB0F1A}.Release|Any CPU.ActiveCfg = Release|Any CPU
		{B1603742-C818-4540-8346-34B360CB0F1A}.Release|Any CPU.Build.0 = Release|Any CPU
		{2FD52379-DDA9-4C7E-8D33-28D24986D004}.Debug|Any CPU.ActiveCfg = Debug|Any CPU
		{2FD52379-DDA9-4C7E-8D33-28D24986D004}.Debug|Any CPU.Build.0 = Debug|Any CPU
		{2FD52379-DDA9-4C7E-8D33-28D24986D004}.Release|Any CPU.ActiveCfg = Release|Any CPU
		{2FD52379-DDA9-4C7E-8D33-28D24986D004}.Release|Any CPU.Build.0 = Release|Any CPU
		{E9F42A10-1B33-4B1D-A7FA-8924B3C2A86C}.Debug|Any CPU.ActiveCfg = Debug|Any CPU
		{E9F42A10-1B33-4B1D-A7FA-8924B3C2A86C}.Debug|Any CPU.Build.0 = Debug|Any CPU
		{E9F42A10-1B33-4B1D-A7FA-8924B3C2A86C}.Release|Any CPU.ActiveCfg = Release|Any CPU
		{E9F42A10-1B33-4B1D-A7FA-8924B3C2A86C}.Release|Any CPU.Build.0 = Release|Any CPU
		{D2CA067F-5BA2-4881-B071-7FE4AD312A7A}.Debug|Any CPU.ActiveCfg = Debug|Any CPU
		{D2CA067F-5BA2-4881-B071-7FE4AD312A7A}.Debug|Any CPU.Build.0 = Debug|Any CPU
		{D2CA067F-5BA2-4881-B071-7FE4AD312A7A}.Release|Any CPU.ActiveCfg = Release|Any CPU
		{D2CA067F-5BA2-4881-B071-7FE4AD312A7A}.Release|Any CPU.Build.0 = Release|Any CPU
		{2FCB4DD3-550E-400C-98AD-05991CC8F234}.Debug|Any CPU.ActiveCfg = Debug|Any CPU
		{2FCB4DD3-550E-400C-98AD-05991CC8F234}.Debug|Any CPU.Build.0 = Debug|Any CPU
		{2FCB4DD3-550E-400C-98AD-05991CC8F234}.Release|Any CPU.ActiveCfg = Release|Any CPU
		{2FCB4DD3-550E-400C-98AD-05991CC8F234}.Release|Any CPU.Build.0 = Release|Any CPU
		{27FC10C4-163C-43F7-B8DB-D863E6889731}.Debug|Any CPU.ActiveCfg = Debug|Any CPU
		{27FC10C4-163C-43F7-B8DB-D863E6889731}.Debug|Any CPU.Build.0 = Debug|Any CPU
		{27FC10C4-163C-43F7-B8DB-D863E6889731}.Release|Any CPU.ActiveCfg = Release|Any CPU
		{27FC10C4-163C-43F7-B8DB-D863E6889731}.Release|Any CPU.Build.0 = Release|Any CPU
		{0A495056-0B66-45A2-A878-0BA8C7A99CE9}.Debug|Any CPU.ActiveCfg = Debug|Any CPU
		{0A495056-0B66-45A2-A878-0BA8C7A99CE9}.Debug|Any CPU.Build.0 = Debug|Any CPU
		{0A495056-0B66-45A2-A878-0BA8C7A99CE9}.Release|Any CPU.ActiveCfg = Release|Any CPU
		{0A495056-0B66-45A2-A878-0BA8C7A99CE9}.Release|Any CPU.Build.0 = Release|Any CPU
		{6E0C02FD-1012-4963-9E5E-C0C9C5E6D82B}.Debug|Any CPU.ActiveCfg = Debug|Any CPU
		{6E0C02FD-1012-4963-9E5E-C0C9C5E6D82B}.Debug|Any CPU.Build.0 = Debug|Any CPU
		{6E0C02FD-1012-4963-9E5E-C0C9C5E6D82B}.Release|Any CPU.ActiveCfg = Release|Any CPU
		{6E0C02FD-1012-4963-9E5E-C0C9C5E6D82B}.Release|Any CPU.Build.0 = Release|Any CPU
	EndGlobalSection
	GlobalSection(SolutionProperties) = preSolution
		HideSolutionNode = FALSE
	EndGlobalSection
	GlobalSection(NestedProjects) = preSolution
		{8CF0F0BB-A79F-4704-A3AA-65C7E58B3F30} = {44C2D0EC-646C-4197-AB74-7786FE99EB36}
		{784823ED-0FEC-4E0B-9A4C-C6103812519D} = {44C2D0EC-646C-4197-AB74-7786FE99EB36}
		{69BF348B-D0B0-48BB-8572-75A9FED7E76E} = {44C2D0EC-646C-4197-AB74-7786FE99EB36}
		{B1603742-C818-4540-8346-34B360CB0F1A} = {44C2D0EC-646C-4197-AB74-7786FE99EB36}
		{2FD52379-DDA9-4C7E-8D33-28D24986D004} = {A65169BD-9567-4C82-B097-C99B87F49195}
		{E9F42A10-1B33-4B1D-A7FA-8924B3C2A86C} = {A65169BD-9567-4C82-B097-C99B87F49195}
		{D2CA067F-5BA2-4881-B071-7FE4AD312A7A} = {A65169BD-9567-4C82-B097-C99B87F49195}
		{2FCB4DD3-550E-400C-98AD-05991CC8F234} = {A65169BD-9567-4C82-B097-C99B87F49195}
		{A65169BD-9567-4C82-B097-C99B87F49195} = {2944979B-8A9C-45D7-8CF8-BFA4B426C046}
		{0368ACEB-A284-40E1-BAFE-E5B235F24909} = {2944979B-8A9C-45D7-8CF8-BFA4B426C046}
		{27FC10C4-163C-43F7-B8DB-D863E6889731} = {0368ACEB-A284-40E1-BAFE-E5B235F24909}
		{0A495056-0B66-45A2-A878-0BA8C7A99CE9} = {0368ACEB-A284-40E1-BAFE-E5B235F24909}
		{6E0C02FD-1012-4963-9E5E-C0C9C5E6D82B} = {0368ACEB-A284-40E1-BAFE-E5B235F24909}
	EndGlobalSection
	GlobalSection(ExtensibilityGlobals) = postSolution
		SolutionGuid = {9442DAE2-C98E-431F-9D0D-E607AAF16BB4}
	EndGlobalSection
EndGlobal
